
Microsoft Visual Studio Solution File, Format Version 12.00
# Visual Studio 15
Project("{FAE04EC0-301F-11D3-BF4B-00C04F79EFBC}") = "Assembly-CSharp", "Assembly-CSharp.csproj", "{1978584F-75AE-2E17-1256-FD213E87C589}"
EndProject
Project("{FAE04EC0-301F-11D3-BF4B-00C04F79EFBC}") = "Assembly-CSharp-Editor", "Assembly-CSharp-Editor.csproj", "{221FB2F2-1EC2-C16F-2CB0-C0979E118E77}"
EndProject
Global
	GlobalSection(SolutionConfigurationPlatforms) = preSolution
		Debug|Any CPU = Debug|Any CPU
		Release|Any CPU = Release|Any CPU
	EndGlobalSection
	GlobalSection(ProjectConfigurationPlatforms) = postSolution
		{1978584F-75AE-2E17-1256-FD213E87C589}.Debug|Any CPU.ActiveCfg = Debug|Any CPU
		{1978584F-75AE-2E17-1256-FD213E87C589}.Debug|Any CPU.Build.0 = Debug|Any CPU
		{1978584F-75AE-2E17-1256-FD213E87C589}.Release|Any CPU.ActiveCfg = Release|Any CPU
		{1978584F-75AE-2E17-1256-FD213E87C589}.Release|Any CPU.Build.0 = Release|Any CPU
		{221FB2F2-1EC2-C16F-2CB0-C0979E118E77}.Debug|Any CPU.ActiveCfg = Debug|Any CPU
		{221FB2F2-1EC2-C16F-2CB0-C0979E118E77}.Debug|Any CPU.Build.0 = Debug|Any CPU
		{221FB2F2-1EC2-C16F-2CB0-C0979E118E77}.Release|Any CPU.ActiveCfg = Release|Any CPU
		{221FB2F2-1EC2-C16F-2CB0-C0979E118E77}.Release|Any CPU.Build.0 = Release|Any CPU
	EndGlobalSection
	GlobalSection(SolutionProperties) = preSolution
		HideSolutionNode = FALSE
	EndGlobalSection
EndGlobal
